
Microsoft Visual Studio Solution File, Format Version 12.00
# Visual Studio Version 16
VisualStudioVersion = 16.0.28803.452
MinimumVisualStudioVersion = 10.0.40219.1
Project("{2150E333-8FDC-42A3-9474-1A3956D46DE8}") = "src", "src", "{433A7648-49A2-4200-BF02-B59998B987A3}"
EndProject
Project("{2150E333-8FDC-42A3-9474-1A3956D46DE8}") = "tests", "tests", "{3D96F661-F0F3-4CA9-9066-0B1A752584B1}"
EndProject
Project("{9A19103F-16F7-4668-BE54-9A1E7A4F7556}") = "Cosmos.I18N", "src\Cosmos.I18N\Cosmos.I18N.csproj", "{54C67520-66B6-42CE-BB24-AFF6D42A64BF}"
EndProject
Project("{9A19103F-16F7-4668-BE54-9A1E7A4F7556}") = "Cosmos.I18N.Tests.ConsoleTest", "tests\Cosmos.I18N.Tests.ConsoleTest\Cosmos.I18N.Tests.ConsoleTest.csproj", "{4C3CC2C6-78D7-4805-BBD3-9A84CAD65D72}"
EndProject
Project("{2150E333-8FDC-42A3-9474-1A3956D46DE8}") = "Adapters", "Adapters", "{C0CF1732-E917-4FC6-8CDD-6E972DE0B04F}"
EndProject
Project("{9A19103F-16F7-4668-BE54-9A1E7A4F7556}") = "Cosmos.I18N.Adapters.Json", "src\Cosmos.I18N.Adapters.Json\Cosmos.I18N.Adapters.Json.csproj", "{E7E38CE1-6432-41DB-A5A4-533D2DCDFF47}"
EndProject
Project("{9A19103F-16F7-4668-BE54-9A1E7A4F7556}") = "Cosmos.I18N.Adapters.Xml", "src\Cosmos.I18N.Adapters.Xml\Cosmos.I18N.Adapters.Xml.csproj", "{C6691467-CEBB-4B7A-9074-68CEDA0DA44B}"
EndProject
Project("{2150E333-8FDC-42A3-9474-1A3956D46DE8}") = "solution folder", "solution folder", "{C9CC641F-DCAB-4BF2-B591-C2AA694B1BD4}"
	ProjectSection(SolutionItems) = preProject
		NuGet.config = NuGet.config
		Publish.bat = Publish.bat
		PublishToMyGet.bat = PublishToMyGet.bat
		README.md = README.md
	EndProjectSection
EndProject
Project("{2150E333-8FDC-42A3-9474-1A3956D46DE8}") = "build", "build", "{F5D42EBE-BD8C-4EBC-A828-FB1F0437EECB}"
	ProjectSection(SolutionItems) = preProject
		build\common.props = build\common.props
		build\version.props = build\version.props
		build\package.props = build\package.props
		build\misc.props = build\misc.props
	EndProjectSection
EndProject
Project("{FAE04EC0-301F-11D3-BF4B-00C04F79EFBC}") = "Cosmos.I18N.Tests", "tests\Cosmos.I18N.Tests\Cosmos.I18N.Tests.csproj", "{D2D3AC65-B202-4ADC-B925-FA107B9CE3AB}"
EndProject
Project("{FAE04EC0-301F-11D3-BF4B-00C04F79EFBC}") = "Cosmos.I18N.Countries", "src\Cosmos.I18N.Countries\Cosmos.I18N.Countries.csproj", "{5A00EF1D-3CE8-49D8-B92B-084C60BD1755}"
EndProject
Project("{FAE04EC0-301F-11D3-BF4B-00C04F79EFBC}") = "Cosmos.I18N.Abstractions", "src\Cosmos.I18N.Abstractions\Cosmos.I18N.Abstractions.csproj", "{F3F9BA85-C806-411E-AAF7-A0F889C0694D}"
EndProject
Project("{2150E333-8FDC-42A3-9474-1A3956D46DE8}") = "Extensions", "Extensions", "{1AE7F370-6A21-4183-8ECA-610EF191BEC3}"
EndProject
Project("{FAE04EC0-301F-11D3-BF4B-00C04F79EFBC}") = "Cosmos.I18N.Extensions.Console", "src\Cosmos.I18N.Extensions.Console\Cosmos.I18N.Extensions.Console.csproj", "{B02E4417-7F01-47C4-82F1-1144631AB0FE}"
EndProject
Project("{FAE04EC0-301F-11D3-BF4B-00C04F79EFBC}") = "Cosmos.I18N.Extensions.DependencyInjection", "src\Cosmos.I18N.Extensions.DependencyInjection\Cosmos.I18N.Extensions.DependencyInjection.csproj", "{3D541B57-5DB1-47F6-8AFA-A6A93B06115E}"
EndProject
Project("{2150E333-8FDC-42A3-9474-1A3956D46DE8}") = "Bridges", "Bridges", "{691F123F-69C3-4459-9D8C-73EA15BE3957}"
EndProject
Project("{FAE04EC0-301F-11D3-BF4B-00C04F79EFBC}") = "Cosmos.Bridges.AbpBridge.I18N", "src\Cosmos.Bridges.AbpBridge.I18N\Cosmos.Bridges.AbpBridge.I18N.csproj", "{9F513A16-B9BC-4AA3-89D4-95FBE993A5E9}"
EndProject
Project("{2150E333-8FDC-42A3-9474-1A3956D46DE8}") = "Renderers", "Renderers", "{47668EF9-AAD0-4869-B1AE-87F92D792B13}"
EndProject
Project("{FAE04EC0-301F-11D3-BF4B-00C04F79EFBC}") = "Cosmos.I18N.Extensions.Handlebars", "src\Cosmos.I18N.Extensions.Handlebars\Cosmos.I18N.Extensions.Handlebars.csproj", "{EC12729D-E66E-4BCE-B2CB-4AA245AE60AC}"
EndProject
Project("{FAE04EC0-301F-11D3-BF4B-00C04F79EFBC}") = "Cosmos.I18N.Extensions.Autofac", "src\Cosmos.I18N.Extensions.Autofac\Cosmos.I18N.Extensions.Autofac.csproj", "{0DDE6CD5-0BE5-4ED9-8A1B-A2B24A063ED3}"
EndProject
Project("{FAE04EC0-301F-11D3-BF4B-00C04F79EFBC}") = "Cosmos.I18N.Tests.HandlebarsTest", "tests\Cosmos.I18N.Tests.HandlebarsTest\Cosmos.I18N.Tests.HandlebarsTest.csproj", "{33711163-1BCD-44C7-AF14-89A5C058D499}"
EndProject
Project("{FAE04EC0-301F-11D3-BF4B-00C04F79EFBC}") = "Cosmos.I18N.Extensions.AspNetCore.TagHelpers", "src\Cosmos.I18N.Extensions.AspNetCore.TagHelpers\Cosmos.I18N.Extensions.AspNetCore.TagHelpers.csproj", "{B1D04AB0-106D-48E3-989F-79A548B6CC62}"
EndProject
Project("{FAE04EC0-301F-11D3-BF4B-00C04F79EFBC}") = "Cosmos.I18N.Adapters.Yaml", "src\Cosmos.I18N.Adapters.Yaml\Cosmos.I18N.Adapters.Yaml.csproj", "{29F8130E-39FE-4269-8A36-84B026F96380}"
EndProject
Project("{FAE04EC0-301F-11D3-BF4B-00C04F79EFBC}") = "Cosmos.I18N.Extensions.AspNetCore", "src\Cosmos.I18N.Extensions.AspNetCore\Cosmos.I18N.Extensions.AspNetCore.csproj", "{83F68B7E-76A9-4368-91F2-DA71CA119FE1}"
EndProject
Project("{FAE04EC0-301F-11D3-BF4B-00C04F79EFBC}") = "Cosmos.I18N.Extensions.Host", "src\Cosmos.I18N.Extensions.Host\Cosmos.I18N.Extensions.Host.csproj", "{AD72338E-8DA0-4033-AC58-8A22C926ADE5}"
EndProject
Project("{2150E333-8FDC-42A3-9474-1A3956D46DE8}") = "0 - Dependency Extensions", "0 - Dependency Extensions", "{9BC7FBAC-90D0-4DDB-B2F7-E8B46A9D6590}"
EndProject
Project("{FAE04EC0-301F-11D3-BF4B-00C04F79EFBC}") = "Cosmos.I18N.Extensions.AspectCoreInjector", "src\Cosmos.I18N.Extensions.AspectCoreInjector\Cosmos.I18N.Extensions.AspectCoreInjector.csproj", "{29C16AAF-B0C1-4E25-8C75-8321846E7CF6}"
EndProject
Project("{2150E333-8FDC-42A3-9474-1A3956D46DE8}") = "1 - RunsOn Extensions", "1 - RunsOn Extensions", "{45947A45-2511-4010-8270-8E0E84256C47}"
EndProject
Global
	GlobalSection(SolutionConfigurationPlatforms) = preSolution
		Debug|Any CPU = Debug|Any CPU
		Release|Any CPU = Release|Any CPU
	EndGlobalSection
	GlobalSection(ProjectConfigurationPlatforms) = postSolution
		{54C67520-66B6-42CE-BB24-AFF6D42A64BF}.Debug|Any CPU.ActiveCfg = Debug|Any CPU
		{54C67520-66B6-42CE-BB24-AFF6D42A64BF}.Debug|Any CPU.Build.0 = Debug|Any CPU
		{54C67520-66B6-42CE-BB24-AFF6D42A64BF}.Release|Any CPU.ActiveCfg = Release|Any CPU
		{54C67520-66B6-42CE-BB24-AFF6D42A64BF}.Release|Any CPU.Build.0 = Release|Any CPU
		{4C3CC2C6-78D7-4805-BBD3-9A84CAD65D72}.Debug|Any CPU.ActiveCfg = Debug|Any CPU
		{4C3CC2C6-78D7-4805-BBD3-9A84CAD65D72}.Debug|Any CPU.Build.0 = Debug|Any CPU
		{4C3CC2C6-78D7-4805-BBD3-9A84CAD65D72}.Release|Any CPU.ActiveCfg = Release|Any CPU
		{4C3CC2C6-78D7-4805-BBD3-9A84CAD65D72}.Release|Any CPU.Build.0 = Release|Any CPU
		{E7E38CE1-6432-41DB-A5A4-533D2DCDFF47}.Debug|Any CPU.ActiveCfg = Debug|Any CPU
		{E7E38CE1-6432-41DB-A5A4-533D2DCDFF47}.Debug|Any CPU.Build.0 = Debug|Any CPU
		{E7E38CE1-6432-41DB-A5A4-533D2DCDFF47}.Release|Any CPU.ActiveCfg = Release|Any CPU
		{E7E38CE1-6432-41DB-A5A4-533D2DCDFF47}.Release|Any CPU.Build.0 = Release|Any CPU
		{C6691467-CEBB-4B7A-9074-68CEDA0DA44B}.Debug|Any CPU.ActiveCfg = Debug|Any CPU
		{C6691467-CEBB-4B7A-9074-68CEDA0DA44B}.Debug|Any CPU.Build.0 = Debug|Any CPU
		{C6691467-CEBB-4B7A-9074-68CEDA0DA44B}.Release|Any CPU.ActiveCfg = Release|Any CPU
		{C6691467-CEBB-4B7A-9074-68CEDA0DA44B}.Release|Any CPU.Build.0 = Release|Any CPU
		{D2D3AC65-B202-4ADC-B925-FA107B9CE3AB}.Debug|Any CPU.ActiveCfg = Debug|Any CPU
		{D2D3AC65-B202-4ADC-B925-FA107B9CE3AB}.Debug|Any CPU.Build.0 = Debug|Any CPU
		{D2D3AC65-B202-4ADC-B925-FA107B9CE3AB}.Release|Any CPU.ActiveCfg = Release|Any CPU
		{D2D3AC65-B202-4ADC-B925-FA107B9CE3AB}.Release|Any CPU.Build.0 = Release|Any CPU
		{5A00EF1D-3CE8-49D8-B92B-084C60BD1755}.Debug|Any CPU.ActiveCfg = Debug|Any CPU
		{5A00EF1D-3CE8-49D8-B92B-084C60BD1755}.Debug|Any CPU.Build.0 = Debug|Any CPU
		{5A00EF1D-3CE8-49D8-B92B-084C60BD1755}.Release|Any CPU.ActiveCfg = Release|Any CPU
		{5A00EF1D-3CE8-49D8-B92B-084C60BD1755}.Release|Any CPU.Build.0 = Release|Any CPU
		{F3F9BA85-C806-411E-AAF7-A0F889C0694D}.Debug|Any CPU.ActiveCfg = Debug|Any CPU
		{F3F9BA85-C806-411E-AAF7-A0F889C0694D}.Debug|Any CPU.Build.0 = Debug|Any CPU
		{F3F9BA85-C806-411E-AAF7-A0F889C0694D}.Release|Any CPU.ActiveCfg = Release|Any CPU
		{F3F9BA85-C806-411E-AAF7-A0F889C0694D}.Release|Any CPU.Build.0 = Release|Any CPU
		{B02E4417-7F01-47C4-82F1-1144631AB0FE}.Debug|Any CPU.ActiveCfg = Debug|Any CPU
		{B02E4417-7F01-47C4-82F1-1144631AB0FE}.Debug|Any CPU.Build.0 = Debug|Any CPU
		{B02E4417-7F01-47C4-82F1-1144631AB0FE}.Release|Any CPU.ActiveCfg = Release|Any CPU
		{B02E4417-7F01-47C4-82F1-1144631AB0FE}.Release|Any CPU.Build.0 = Release|Any CPU
		{3D541B57-5DB1-47F6-8AFA-A6A93B06115E}.Debug|Any CPU.ActiveCfg = Debug|Any CPU
		{3D541B57-5DB1-47F6-8AFA-A6A93B06115E}.Debug|Any CPU.Build.0 = Debug|Any CPU
		{3D541B57-5DB1-47F6-8AFA-A6A93B06115E}.Release|Any CPU.ActiveCfg = Release|Any CPU
		{3D541B57-5DB1-47F6-8AFA-A6A93B06115E}.Release|Any CPU.Build.0 = Release|Any CPU
		{9F513A16-B9BC-4AA3-89D4-95FBE993A5E9}.Debug|Any CPU.ActiveCfg = Debug|Any CPU
		{9F513A16-B9BC-4AA3-89D4-95FBE993A5E9}.Debug|Any CPU.Build.0 = Debug|Any CPU
		{9F513A16-B9BC-4AA3-89D4-95FBE993A5E9}.Release|Any CPU.ActiveCfg = Release|Any CPU
		{9F513A16-B9BC-4AA3-89D4-95FBE993A5E9}.Release|Any CPU.Build.0 = Release|Any CPU
		{EC12729D-E66E-4BCE-B2CB-4AA245AE60AC}.Debug|Any CPU.ActiveCfg = Debug|Any CPU
		{EC12729D-E66E-4BCE-B2CB-4AA245AE60AC}.Debug|Any CPU.Build.0 = Debug|Any CPU
		{EC12729D-E66E-4BCE-B2CB-4AA245AE60AC}.Release|Any CPU.ActiveCfg = Release|Any CPU
		{EC12729D-E66E-4BCE-B2CB-4AA245AE60AC}.Release|Any CPU.Build.0 = Release|Any CPU
		{0DDE6CD5-0BE5-4ED9-8A1B-A2B24A063ED3}.Debug|Any CPU.ActiveCfg = Debug|Any CPU
		{0DDE6CD5-0BE5-4ED9-8A1B-A2B24A063ED3}.Debug|Any CPU.Build.0 = Debug|Any CPU
		{0DDE6CD5-0BE5-4ED9-8A1B-A2B24A063ED3}.Release|Any CPU.ActiveCfg = Release|Any CPU
		{0DDE6CD5-0BE5-4ED9-8A1B-A2B24A063ED3}.Release|Any CPU.Build.0 = Release|Any CPU
		{33711163-1BCD-44C7-AF14-89A5C058D499}.Debug|Any CPU.ActiveCfg = Debug|Any CPU
		{33711163-1BCD-44C7-AF14-89A5C058D499}.Debug|Any CPU.Build.0 = Debug|Any CPU
		{33711163-1BCD-44C7-AF14-89A5C058D499}.Release|Any CPU.ActiveCfg = Release|Any CPU
		{33711163-1BCD-44C7-AF14-89A5C058D499}.Release|Any CPU.Build.0 = Release|Any CPU
		{B1D04AB0-106D-48E3-989F-79A548B6CC62}.Debug|Any CPU.ActiveCfg = Debug|Any CPU
		{B1D04AB0-106D-48E3-989F-79A548B6CC62}.Debug|Any CPU.Build.0 = Debug|Any CPU
		{B1D04AB0-106D-48E3-989F-79A548B6CC62}.Release|Any CPU.ActiveCfg = Release|Any CPU
		{B1D04AB0-106D-48E3-989F-79A548B6CC62}.Release|Any CPU.Build.0 = Release|Any CPU
		{29F8130E-39FE-4269-8A36-84B026F96380}.Debug|Any CPU.ActiveCfg = Debug|Any CPU
		{29F8130E-39FE-4269-8A36-84B026F96380}.Debug|Any CPU.Build.0 = Debug|Any CPU
		{29F8130E-39FE-4269-8A36-84B026F96380}.Release|Any CPU.ActiveCfg = Release|Any CPU
		{29F8130E-39FE-4269-8A36-84B026F96380}.Release|Any CPU.Build.0 = Release|Any CPU
		{83F68B7E-76A9-4368-91F2-DA71CA119FE1}.Debug|Any CPU.ActiveCfg = Debug|Any CPU
		{83F68B7E-76A9-4368-91F2-DA71CA119FE1}.Debug|Any CPU.Build.0 = Debug|Any CPU
		{83F68B7E-76A9-4368-91F2-DA71CA119FE1}.Release|Any CPU.ActiveCfg = Release|Any CPU
		{83F68B7E-76A9-4368-91F2-DA71CA119FE1}.Release|Any CPU.Build.0 = Release|Any CPU
		{AD72338E-8DA0-4033-AC58-8A22C926ADE5}.Debug|Any CPU.ActiveCfg = Debug|Any CPU
		{AD72338E-8DA0-4033-AC58-8A22C926ADE5}.Debug|Any CPU.Build.0 = Debug|Any CPU
		{AD72338E-8DA0-4033-AC58-8A22C926ADE5}.Release|Any CPU.ActiveCfg = Release|Any CPU
		{AD72338E-8DA0-4033-AC58-8A22C926ADE5}.Release|Any CPU.Build.0 = Release|Any CPU
		{29C16AAF-B0C1-4E25-8C75-8321846E7CF6}.Debug|Any CPU.ActiveCfg = Debug|Any CPU
		{29C16AAF-B0C1-4E25-8C75-8321846E7CF6}.Debug|Any CPU.Build.0 = Debug|Any CPU
		{29C16AAF-B0C1-4E25-8C75-8321846E7CF6}.Release|Any CPU.ActiveCfg = Release|Any CPU
		{29C16AAF-B0C1-4E25-8C75-8321846E7CF6}.Release|Any CPU.Build.0 = Release|Any CPU
	EndGlobalSection
	GlobalSection(SolutionProperties) = preSolution
		HideSolutionNode = FALSE
	EndGlobalSection
	GlobalSection(NestedProjects) = preSolution
		{54C67520-66B6-42CE-BB24-AFF6D42A64BF} = {433A7648-49A2-4200-BF02-B59998B987A3}
		{4C3CC2C6-78D7-4805-BBD3-9A84CAD65D72} = {3D96F661-F0F3-4CA9-9066-0B1A752584B1}
		{C0CF1732-E917-4FC6-8CDD-6E972DE0B04F} = {433A7648-49A2-4200-BF02-B59998B987A3}
		{E7E38CE1-6432-41DB-A5A4-533D2DCDFF47} = {C0CF1732-E917-4FC6-8CDD-6E972DE0B04F}
		{C6691467-CEBB-4B7A-9074-68CEDA0DA44B} = {C0CF1732-E917-4FC6-8CDD-6E972DE0B04F}
		{F5D42EBE-BD8C-4EBC-A828-FB1F0437EECB} = {C9CC641F-DCAB-4BF2-B591-C2AA694B1BD4}
		{D2D3AC65-B202-4ADC-B925-FA107B9CE3AB} = {3D96F661-F0F3-4CA9-9066-0B1A752584B1}
		{5A00EF1D-3CE8-49D8-B92B-084C60BD1755} = {433A7648-49A2-4200-BF02-B59998B987A3}
		{F3F9BA85-C806-411E-AAF7-A0F889C0694D} = {433A7648-49A2-4200-BF02-B59998B987A3}
		{1AE7F370-6A21-4183-8ECA-610EF191BEC3} = {433A7648-49A2-4200-BF02-B59998B987A3}
		{691F123F-69C3-4459-9D8C-73EA15BE3957} = {433A7648-49A2-4200-BF02-B59998B987A3}
		{9F513A16-B9BC-4AA3-89D4-95FBE993A5E9} = {691F123F-69C3-4459-9D8C-73EA15BE3957}
		{47668EF9-AAD0-4869-B1AE-87F92D792B13} = {433A7648-49A2-4200-BF02-B59998B987A3}
		{EC12729D-E66E-4BCE-B2CB-4AA245AE60AC} = {47668EF9-AAD0-4869-B1AE-87F92D792B13}
		{33711163-1BCD-44C7-AF14-89A5C058D499} = {3D96F661-F0F3-4CA9-9066-0B1A752584B1}
		{B1D04AB0-106D-48E3-989F-79A548B6CC62} = {47668EF9-AAD0-4869-B1AE-87F92D792B13}
		{29F8130E-39FE-4269-8A36-84B026F96380} = {C0CF1732-E917-4FC6-8CDD-6E972DE0B04F}
		{AD72338E-8DA0-4033-AC58-8A22C926ADE5} = {1AE7F370-6A21-4183-8ECA-610EF191BEC3}
		{9BC7FBAC-90D0-4DDB-B2F7-E8B46A9D6590} = {1AE7F370-6A21-4183-8ECA-610EF191BEC3}
		{0DDE6CD5-0BE5-4ED9-8A1B-A2B24A063ED3} = {9BC7FBAC-90D0-4DDB-B2F7-E8B46A9D6590}
		{3D541B57-5DB1-47F6-8AFA-A6A93B06115E} = {9BC7FBAC-90D0-4DDB-B2F7-E8B46A9D6590}
		{29C16AAF-B0C1-4E25-8C75-8321846E7CF6} = {9BC7FBAC-90D0-4DDB-B2F7-E8B46A9D6590}
		{45947A45-2511-4010-8270-8E0E84256C47} = {1AE7F370-6A21-4183-8ECA-610EF191BEC3}
		{83F68B7E-76A9-4368-91F2-DA71CA119FE1} = {45947A45-2511-4010-8270-8E0E84256C47}
		{B02E4417-7F01-47C4-82F1-1144631AB0FE} = {45947A45-2511-4010-8270-8E0E84256C47}
	EndGlobalSection
	GlobalSection(ExtensibilityGlobals) = postSolution
		SolutionGuid = {7B9488C4-C201-471B-A20A-A376048032AD}
	EndGlobalSection
EndGlobal
